// !$*UTF8*$!
{
	archiveVersion = 1;
	classes = {
	};
	objectVersion = 77;
	objects = {

/* Begin PBXBuildFile section */
		4CA854712CAC053B00E10042 /* stoneCracker Watch App.app in Embed Watch Content */ = {isa = PBXBuildFile; fileRef = 4CA854702CAC053B00E10042 /* stoneCracker Watch App.app */; settings = {ATTRIBUTES = (RemoveHeadersOnCopy, ); }; };
/* End PBXBuildFile section */

/* Begin PBXContainerItemProxy section */
		4CA854722CAC053B00E10042 /* PBXContainerItemProxy */ = {
			isa = PBXContainerItemProxy;
			containerPortal = 4CA854642CAC053B00E10042 /* Project object */;
			proxyType = 1;
			remoteGlobalIDString = 4CA8546F2CAC053B00E10042;
			remoteInfo = "stoneCracker Watch App";
		};
		4CA854832CAC053C00E10042 /* PBXContainerItemProxy */ = {
			isa = PBXContainerItemProxy;
			containerPortal = 4CA854642CAC053B00E10042 /* Project object */;
			proxyType = 1;
			remoteGlobalIDString = 4CA8546F2CAC053B00E10042;
			remoteInfo = "stoneCracker Watch App";
		};
		4CA8548D2CAC053C00E10042 /* PBXContainerItemProxy */ = {
			isa = PBXContainerItemProxy;
			containerPortal = 4CA854642CAC053B00E10042 /* Project object */;
			proxyType = 1;
			remoteGlobalIDString = 4CA8546F2CAC053B00E10042;
			remoteInfo = "stoneCracker Watch App";
		};
/* End PBXContainerItemProxy section */

/* Begin PBXCopyFilesBuildPhase section */
		4CA854992CAC053C00E10042 /* Embed Watch Content */ = {
			isa = PBXCopyFilesBuildPhase;
			buildActionMask = 2147483647;
			dstPath = "$(CONTENTS_FOLDER_PATH)/Watch";
			dstSubfolderSpec = 16;
			files = (
				4CA854712CAC053B00E10042 /* stoneCracker Watch App.app in Embed Watch Content */,
			);
			name = "Embed Watch Content";
			runOnlyForDeploymentPostprocessing = 0;
		};
/* End PBXCopyFilesBuildPhase section */

/* Begin PBXFileReference section */
		4CA8546A2CAC053B00E10042 /* stoneCracker.app */ = {isa = PBXFileReference; explicitFileType = wrapper.application; includeInIndex = 0; path = stoneCracker.app; sourceTree = BUILT_PRODUCTS_DIR; };
		4CA854702CAC053B00E10042 /* stoneCracker Watch App.app */ = {isa = PBXFileReference; explicitFileType = wrapper.application; includeInIndex = 0; path = "stoneCracker Watch App.app"; sourceTree = BUILT_PRODUCTS_DIR; };
		4CA854822CAC053C00E10042 /* stoneCracker Watch AppTests.xctest */ = {isa = PBXFileReference; explicitFileType = wrapper.cfbundle; includeInIndex = 0; path = "stoneCracker Watch AppTests.xctest"; sourceTree = BUILT_PRODUCTS_DIR; };
		4CA8548C2CAC053C00E10042 /* stoneCracker Watch AppUITests.xctest */ = {isa = PBXFileReference; explicitFileType = wrapper.cfbundle; includeInIndex = 0; path = "stoneCracker Watch AppUITests.xctest"; sourceTree = BUILT_PRODUCTS_DIR; };
/* End PBXFileReference section */

/* Begin PBXFileSystemSynchronizedRootGroup section */
		4CA854742CAC053B00E10042 /* stoneCracker Watch App */ = {
			isa = PBXFileSystemSynchronizedRootGroup;
			path = "stoneCracker Watch App";
			sourceTree = "<group>";
		};
		4CA854852CAC053C00E10042 /* stoneCracker Watch AppTests */ = {
			isa = PBXFileSystemSynchronizedRootGroup;
			path = "stoneCracker Watch AppTests";
			sourceTree = "<group>";
		};
		4CA8548F2CAC053C00E10042 /* stoneCracker Watch AppUITests */ = {
			isa = PBXFileSystemSynchronizedRootGroup;
			path = "stoneCracker Watch AppUITests";
			sourceTree = "<group>";
		};
/* End PBXFileSystemSynchronizedRootGroup section */

/* Begin PBXFrameworksBuildPhase section */
		4CA8546D2CAC053B00E10042 /* Frameworks */ = {
			isa = PBXFrameworksBuildPhase;
			buildActionMask = 2147483647;
			files = (
			);
			runOnlyForDeploymentPostprocessing = 0;
		};
		4CA8547F2CAC053C00E10042 /* Frameworks */ = {
			isa = PBXFrameworksBuildPhase;
			buildActionMask = 2147483647;
			files = (
			);
			runOnlyForDeploymentPostprocessing = 0;
		};
		4CA854892CAC053C00E10042 /* Frameworks */ = {
			isa = PBXFrameworksBuildPhase;
			buildActionMask = 2147483647;
			files = (
			);
			runOnlyForDeploymentPostprocessing = 0;
		};
/* End PBXFrameworksBuildPhase section */

/* Begin PBXGroup section */
		4CA854632CAC053B00E10042 = {
			isa = PBXGroup;
			children = (
				4CA854742CAC053B00E10042 /* stoneCracker Watch App */,
				4CA854852CAC053C00E10042 /* stoneCracker Watch AppTests */,
				4CA8548F2CAC053C00E10042 /* stoneCracker Watch AppUITests */,
				4CA8546B2CAC053B00E10042 /* Products */,
			);
			sourceTree = "<group>";
		};
		4CA8546B2CAC053B00E10042 /* Products */ = {
			isa = PBXGroup;
			children = (
				4CA8546A2CAC053B00E10042 /* stoneCracker.app */,
				4CA854702CAC053B00E10042 /* stoneCracker Watch App.app */,
				4CA854822CAC053C00E10042 /* stoneCracker Watch AppTests.xctest */,
				4CA8548C2CAC053C00E10042 /* stoneCracker Watch AppUITests.xctest */,
			);
			name = Products;
			sourceTree = "<group>";
		};
/* End PBXGroup section */

/* Begin PBXNativeTarget section */
		4CA854692CAC053B00E10042 /* stoneCracker */ = {
			isa = PBXNativeTarget;
			buildConfigurationList = 4CA8549A2CAC053C00E10042 /* Build configuration list for PBXNativeTarget "stoneCracker" */;
			buildPhases = (
				4CA854682CAC053B00E10042 /* Resources */,
				4CA854992CAC053C00E10042 /* Embed Watch Content */,
			);
			buildRules = (
			);
			dependencies = (
				4CA854732CAC053B00E10042 /* PBXTargetDependency */,
			);
			name = stoneCracker;
			packageProductDependencies = (
			);
			productName = stoneCracker;
			productReference = 4CA8546A2CAC053B00E10042 /* stoneCracker.app */;
			productType = "com.apple.product-type.application.watchapp2-container";
		};
		4CA8546F2CAC053B00E10042 /* stoneCracker Watch App */ = {
			isa = PBXNativeTarget;
			buildConfigurationList = 4CA854962CAC053C00E10042 /* Build configuration list for PBXNativeTarget "stoneCracker Watch App" */;
			buildPhases = (
				4CA8546C2CAC053B00E10042 /* Sources */,
				4CA8546D2CAC053B00E10042 /* Frameworks */,
				4CA8546E2CAC053B00E10042 /* Resources */,
			);
			buildRules = (
			);
			dependencies = (
			);
			fileSystemSynchronizedGroups = (
				4CA854742CAC053B00E10042 /* stoneCracker Watch App */,
			);
			name = "stoneCracker Watch App";
			packageProductDependencies = (
			);
			productName = "stoneCracker Watch App";
			productReference = 4CA854702CAC053B00E10042 /* stoneCracker Watch App.app */;
			productType = "com.apple.product-type.application";
		};
		4CA854812CAC053C00E10042 /* stoneCracker Watch AppTests */ = {
			isa = PBXNativeTarget;
			buildConfigurationList = 4CA8549D2CAC053C00E10042 /* Build configuration list for PBXNativeTarget "stoneCracker Watch AppTests" */;
			buildPhases = (
				4CA8547E2CAC053C00E10042 /* Sources */,
				4CA8547F2CAC053C00E10042 /* Frameworks */,
				4CA854802CAC053C00E10042 /* Resources */,
			);
			buildRules = (
			);
			dependencies = (
				4CA854842CAC053C00E10042 /* PBXTargetDependency */,
			);
			fileSystemSynchronizedGroups = (
				4CA854852CAC053C00E10042 /* stoneCracker Watch AppTests */,
			);
			name = "stoneCracker Watch AppTests";
			packageProductDependencies = (
			);
			productName = "stoneCracker Watch AppTests";
			productReference = 4CA854822CAC053C00E10042 /* stoneCracker Watch AppTests.xctest */;
			productType = "com.apple.product-type.bundle.unit-test";
		};
		4CA8548B2CAC053C00E10042 /* stoneCracker Watch AppUITests */ = {
			isa = PBXNativeTarget;
			buildConfigurationList = 4CA854A02CAC053C00E10042 /* Build configuration list for PBXNativeTarget "stoneCracker Watch AppUITests" */;
			buildPhases = (
				4CA854882CAC053C00E10042 /* Sources */,
				4CA854892CAC053C00E10042 /* Frameworks */,
				4CA8548A2CAC053C00E10042 /* Resources */,
			);
			buildRules = (
			);
			dependencies = (
				4CA8548E2CAC053C00E10042 /* PBXTargetDependency */,
			);
			fileSystemSynchronizedGroups = (
				4CA8548F2CAC053C00E10042 /* stoneCracker Watch AppUITests */,
			);
			name = "stoneCracker Watch AppUITests";
			packageProductDependencies = (
			);
			productName = "stoneCracker Watch AppUITests";
			productReference = 4CA8548C2CAC053C00E10042 /* stoneCracker Watch AppUITests.xctest */;
			productType = "com.apple.product-type.bundle.ui-testing";
		};
/* End PBXNativeTarget section */

/* Begin PBXProject section */
		4CA854642CAC053B00E10042 /* Project object */ = {
			isa = PBXProject;
			attributes = {
				BuildIndependentTargetsInParallel = 1;
				LastSwiftUpdateCheck = 1600;
				LastUpgradeCheck = 1600;
				TargetAttributes = {
					4CA854692CAC053B00E10042 = {
						CreatedOnToolsVersion = 16.0;
					};
					4CA8546F2CAC053B00E10042 = {
						CreatedOnToolsVersion = 16.0;
					};
					4CA854812CAC053C00E10042 = {
						CreatedOnToolsVersion = 16.0;
						TestTargetID = 4CA8546F2CAC053B00E10042;
					};
					4CA8548B2CAC053C00E10042 = {
						CreatedOnToolsVersion = 16.0;
						TestTargetID = 4CA8546F2CAC053B00E10042;
					};
				};
			};
			buildConfigurationList = 4CA854672CAC053B00E10042 /* Build configuration list for PBXProject "stoneCracker" */;
			developmentRegion = en;
			hasScannedForEncodings = 0;
			knownRegions = (
				en,
				Base,
			);
			mainGroup = 4CA854632CAC053B00E10042;
			minimizedProjectReferenceProxies = 1;
			preferredProjectObjectVersion = 77;
			productRefGroup = 4CA8546B2CAC053B00E10042 /* Products */;
			projectDirPath = "";
			projectRoot = "";
			targets = (
				4CA854692CAC053B00E10042 /* stoneCracker */,
				4CA8546F2CAC053B00E10042 /* stoneCracker Watch App */,
				4CA854812CAC053C00E10042 /* stoneCracker Watch AppTests */,
				4CA8548B2CAC053C00E10042 /* stoneCracker Watch AppUITests */,
			);
		};
/* End PBXProject section */

/* Begin PBXResourcesBuildPhase section */
		4CA854682CAC053B00E10042 /* Resources */ = {
			isa = PBXResourcesBuildPhase;
			buildActionMask = 2147483647;
			files = (
			);
			runOnlyForDeploymentPostprocessing = 0;
		};
		4CA8546E2CAC053B00E10042 /* Resources */ = {
			isa = PBXResourcesBuildPhase;
			buildActionMask = 2147483647;
			files = (
			);
			runOnlyForDeploymentPostprocessing = 0;
		};
		4CA854802CAC053C00E10042 /* Resources */ = {
			isa = PBXResourcesBuildPhase;
			buildActionMask = 2147483647;
			files = (
			);
			runOnlyForDeploymentPostprocessing = 0;
		};
		4CA8548A2CAC053C00E10042 /* Resources */ = {
			isa = PBXResourcesBuildPhase;
			buildActionMask = 2147483647;
			files = (
			);
			runOnlyForDeploymentPostprocessing = 0;
		};
/* End PBXResourcesBuildPhase section */

/* Begin PBXSourcesBuildPhase section */
		4CA8546C2CAC053B00E10042 /* Sources */ = {
			isa = PBXSourcesBuildPhase;
			buildActionMask = 2147483647;
			files = (
			);
			runOnlyForDeploymentPostprocessing = 0;
		};
		4CA8547E2CAC053C00E10042 /* Sources */ = {
			isa = PBXSourcesBuildPhase;
			buildActionMask = 2147483647;
			files = (
			);
			runOnlyForDeploymentPostprocessing = 0;
		};
		4CA854882CAC053C00E10042 /* Sources */ = {
			isa = PBXSourcesBuildPhase;
			buildActionMask = 2147483647;
			files = (
			);
			runOnlyForDeploymentPostprocessing = 0;
		};
/* End PBXSourcesBuildPhase section */

/* Begin PBXTargetDependency section */
		4CA854732CAC053B00E10042 /* PBXTargetDependency */ = {
			isa = PBXTargetDependency;
			target = 4CA8546F2CAC053B00E10042 /* stoneCracker Watch App */;
			targetProxy = 4CA854722CAC053B00E10042 /* PBXContainerItemProxy */;
		};
		4CA854842CAC053C00E10042 /* PBXTargetDependency */ = {
			isa = PBXTargetDependency;
			target = 4CA8546F2CAC053B00E10042 /* stoneCracker Watch App */;
			targetProxy = 4CA854832CAC053C00E10042 /* PBXContainerItemProxy */;
		};
		4CA8548E2CAC053C00E10042 /* PBXTargetDependency */ = {
			isa = PBXTargetDependency;
			target = 4CA8546F2CAC053B00E10042 /* stoneCracker Watch App */;
			targetProxy = 4CA8548D2CAC053C00E10042 /* PBXContainerItemProxy */;
		};
/* End PBXTargetDependency section */

/* Begin XCBuildConfiguration section */
		4CA854942CAC053C00E10042 /* Debug */ = {
			isa = XCBuildConfiguration;
			buildSettings = {
				ALWAYS_SEARCH_USER_PATHS = NO;
				ASSETCATALOG_COMPILER_GENERATE_SWIFT_ASSET_SYMBOL_EXTENSIONS = YES;
				CLANG_ANALYZER_NONNULL = YES;
				CLANG_ANALYZER_NUMBER_OBJECT_CONVERSION = YES_AGGRESSIVE;
				CLANG_CXX_LANGUAGE_STANDARD = "gnu++20";
				CLANG_ENABLE_MODULES = YES;
				CLANG_ENABLE_OBJC_ARC = YES;
				CLANG_ENABLE_OBJC_WEAK = YES;
				CLANG_WARN_BLOCK_CAPTURE_AUTORELEASING = YES;
				CLANG_WARN_BOOL_CONVERSION = YES;
				CLANG_WARN_COMMA = YES;
				CLANG_WARN_CONSTANT_CONVERSION = YES;
				CLANG_WARN_DEPRECATED_OBJC_IMPLEMENTATIONS = YES;
				CLANG_WARN_DIRECT_OBJC_ISA_USAGE = YES_ERROR;
				CLANG_WARN_DOCUMENTATION_COMMENTS = YES;
				CLANG_WARN_EMPTY_BODY = YES;
				CLANG_WARN_ENUM_CONVERSION = YES;
				CLANG_WARN_INFINITE_RECURSION = YES;
				CLANG_WARN_INT_CONVERSION = YES;
				CLANG_WARN_NON_LITERAL_NULL_CONVERSION = YES;
				CLANG_WARN_OBJC_IMPLICIT_RETAIN_SELF = YES;
				CLANG_WARN_OBJC_LITERAL_CONVERSION = YES;
				CLANG_WARN_OBJC_ROOT_CLASS = YES_ERROR;
				CLANG_WARN_QUOTED_INCLUDE_IN_FRAMEWORK_HEADER = YES;
				CLANG_WARN_RANGE_LOOP_ANALYSIS = YES;
				CLANG_WARN_STRICT_PROTOTYPES = YES;
				CLANG_WARN_SUSPICIOUS_MOVE = YES;
				CLANG_WARN_UNGUARDED_AVAILABILITY = YES_AGGRESSIVE;
				CLANG_WARN_UNREACHABLE_CODE = YES;
				CLANG_WARN__DUPLICATE_METHOD_MATCH = YES;
				COPY_PHASE_STRIP = NO;
				DEBUG_INFORMATION_FORMAT = dwarf;
				ENABLE_STRICT_OBJC_MSGSEND = YES;
				ENABLE_TESTABILITY = YES;
				ENABLE_USER_SCRIPT_SANDBOXING = YES;
				GCC_C_LANGUAGE_STANDARD = gnu17;
				GCC_DYNAMIC_NO_PIC = NO;
				GCC_NO_COMMON_BLOCKS = YES;
				GCC_OPTIMIZATION_LEVEL = 0;
				GCC_PREPROCESSOR_DEFINITIONS = (
					"DEBUG=1",
					"$(inherited)",
				);
				GCC_WARN_64_TO_32_BIT_CONVERSION = YES;
				GCC_WARN_ABOUT_RETURN_TYPE = YES_ERROR;
				GCC_WARN_UNDECLARED_SELECTOR = YES;
				GCC_WARN_UNINITIALIZED_AUTOS = YES_AGGRESSIVE;
				GCC_WARN_UNUSED_FUNCTION = YES;
				GCC_WARN_UNUSED_VARIABLE = YES;
				LOCALIZATION_PREFERS_STRING_CATALOGS = YES;
				MTL_ENABLE_DEBUG_INFO = INCLUDE_SOURCE;
				MTL_FAST_MATH = YES;
				ONLY_ACTIVE_ARCH = YES;
				SWIFT_ACTIVE_COMPILATION_CONDITIONS = "DEBUG $(inherited)";
				SWIFT_OPTIMIZATION_LEVEL = "-Onone";
			};
			name = Debug;
		};
		4CA854952CAC053C00E10042 /* Release */ = {
			isa = XCBuildConfiguration;
			buildSettings = {
				ALWAYS_SEARCH_USER_PATHS = NO;
				ASSETCATALOG_COMPILER_GENERATE_SWIFT_ASSET_SYMBOL_EXTENSIONS = YES;
				CLANG_ANALYZER_NONNULL = YES;
				CLANG_ANALYZER_NUMBER_OBJECT_CONVERSION = YES_AGGRESSIVE;
				CLANG_CXX_LANGUAGE_STANDARD = "gnu++20";
				CLANG_ENABLE_MODULES = YES;
				CLANG_ENABLE_OBJC_ARC = YES;
				CLANG_ENABLE_OBJC_WEAK = YES;
				CLANG_WARN_BLOCK_CAPTURE_AUTORELEASING = YES;
				CLANG_WARN_BOOL_CONVERSION = YES;
				CLANG_WARN_COMMA = YES;
				CLANG_WARN_CONSTANT_CONVERSION = YES;
				CLANG_WARN_DEPRECATED_OBJC_IMPLEMENTATIONS = YES;
				CLANG_WARN_DIRECT_OBJC_ISA_USAGE = YES_ERROR;
				CLANG_WARN_DOCUMENTATION_COMMENTS = YES;
				CLANG_WARN_EMPTY_BODY = YES;
				CLANG_WARN_ENUM_CONVERSION = YES;
				CLANG_WARN_INFINITE_RECURSION = YES;
				CLANG_WARN_INT_CONVERSION = YES;
				CLANG_WARN_NON_LITERAL_NULL_CONVERSION = YES;
				CLANG_WARN_OBJC_IMPLICIT_RETAIN_SELF = YES;
				CLANG_WARN_OBJC_LITERAL_CONVERSION = YES;
				CLANG_WARN_OBJC_ROOT_CLASS = YES_ERROR;
				CLANG_WARN_QUOTED_INCLUDE_IN_FRAMEWORK_HEADER = YES;
				CLANG_WARN_RANGE_LOOP_ANALYSIS = YES;
				CLANG_WARN_STRICT_PROTOTYPES = YES;
				CLANG_WARN_SUSPICIOUS_MOVE = YES;
				CLANG_WARN_UNGUARDED_AVAILABILITY = YES_AGGRESSIVE;
				CLANG_WARN_UNREACHABLE_CODE = YES;
				CLANG_WARN__DUPLICATE_METHOD_MATCH = YES;
				COPY_PHASE_STRIP = NO;
				DEBUG_INFORMATION_FORMAT = "dwarf-with-dsym";
				ENABLE_NS_ASSERTIONS = NO;
				ENABLE_STRICT_OBJC_MSGSEND = YES;
				ENABLE_USER_SCRIPT_SANDBOXING = YES;
				GCC_C_LANGUAGE_STANDARD = gnu17;
				GCC_NO_COMMON_BLOCKS = YES;
				GCC_WARN_64_TO_32_BIT_CONVERSION = YES;
				GCC_WARN_ABOUT_RETURN_TYPE = YES_ERROR;
				GCC_WARN_UNDECLARED_SELECTOR = YES;
				GCC_WARN_UNINITIALIZED_AUTOS = YES_AGGRESSIVE;
				GCC_WARN_UNUSED_FUNCTION = YES;
				GCC_WARN_UNUSED_VARIABLE = YES;
				LOCALIZATION_PREFERS_STRING_CATALOGS = YES;
				MTL_ENABLE_DEBUG_INFO = NO;
				MTL_FAST_MATH = YES;
				SWIFT_COMPILATION_MODE = wholemodule;
			};
			name = Release;
		};
		4CA854972CAC053C00E10042 /* Debug */ = {
			isa = XCBuildConfiguration;
			buildSettings = {
				ASSETCATALOG_COMPILER_APPICON_NAME = AppIcon;
				ASSETCATALOG_COMPILER_GLOBAL_ACCENT_COLOR_NAME = AccentColor;
				CODE_SIGN_STYLE = Automatic;
				CURRENT_PROJECT_VERSION = 1;
				DEVELOPMENT_ASSET_PATHS = "\"stoneCracker Watch App/Preview Content\"";
				DEVELOPMENT_TEAM = BFJTBBXTZ9;
				ENABLE_PREVIEWS = YES;
				GENERATE_INFOPLIST_FILE = YES;
				INFOPLIST_KEY_CFBundleDisplayName = stoneCracker;
				INFOPLIST_KEY_NSMicrophoneUsageDescription = "We need access to the microphone to record audio.";
				INFOPLIST_KEY_UISupportedInterfaceOrientations = "UIInterfaceOrientationPortrait UIInterfaceOrientationPortraitUpsideDown";
				INFOPLIST_KEY_WKWatchOnly = YES;
				LD_RUNPATH_SEARCH_PATHS = (
					"$(inherited)",
					"@executable_path/Frameworks",
				);
				MARKETING_VERSION = 1.0;
				PRODUCT_BUNDLE_IDENTIFIER = ipleiria.stoneCracker.watchkitapp;
				PRODUCT_NAME = "$(TARGET_NAME)";
				SDKROOT = watchos;
				SKIP_INSTALL = YES;
				SWIFT_EMIT_LOC_STRINGS = YES;
				SWIFT_VERSION = 5.0;
				TARGETED_DEVICE_FAMILY = 4;
				WATCHOS_DEPLOYMENT_TARGET = 11.0;
			};
			name = Debug;
		};
		4CA854982CAC053C00E10042 /* Release */ = {
			isa = XCBuildConfiguration;
			buildSettings = {
				ASSETCATALOG_COMPILER_APPICON_NAME = AppIcon;
				ASSETCATALOG_COMPILER_GLOBAL_ACCENT_COLOR_NAME = AccentColor;
				CODE_SIGN_STYLE = Automatic;
				CURRENT_PROJECT_VERSION = 1;
				DEVELOPMENT_ASSET_PATHS = "\"stoneCracker Watch App/Preview Content\"";
				DEVELOPMENT_TEAM = BFJTBBXTZ9;
				ENABLE_PREVIEWS = YES;
				GENERATE_INFOPLIST_FILE = YES;
				INFOPLIST_KEY_CFBundleDisplayName = stoneCracker;
				INFOPLIST_KEY_NSMicrophoneUsageDescription = "We need access to the microphone to record audio.";
				INFOPLIST_KEY_UISupportedInterfaceOrientations = "UIInterfaceOrientationPortrait UIInterfaceOrientationPortraitUpsideDown";
				INFOPLIST_KEY_WKWatchOnly = YES;
				LD_RUNPATH_SEARCH_PATHS = (
					"$(inherited)",
					"@executable_path/Frameworks",
				);
				MARKETING_VERSION = 1.0;
				PRODUCT_BUNDLE_IDENTIFIER = ipleiria.stoneCracker.watchkitapp;
				PRODUCT_NAME = "$(TARGET_NAME)";
				SDKROOT = watchos;
				SKIP_INSTALL = YES;
				SWIFT_EMIT_LOC_STRINGS = YES;
				SWIFT_VERSION = 5.0;
				TARGETED_DEVICE_FAMILY = 4;
				VALIDATE_PRODUCT = YES;
				WATCHOS_DEPLOYMENT_TARGET = 11.0;
			};
			name = Release;
		};
		4CA8549B2CAC053C00E10042 /* Debug */ = {
			isa = XCBuildConfiguration;
			buildSettings = {
				CODE_SIGN_STYLE = Automatic;
				CURRENT_PROJECT_VERSION = 1;
				DEVELOPMENT_TEAM = BFJTBBXTZ9;
				INFOPLIST_KEY_CFBundleDisplayName = stoneCracker;
				MARKETING_VERSION = 1.0;
				PRODUCT_BUNDLE_IDENTIFIER = ipleiria.stoneCracker;
				PRODUCT_NAME = "$(TARGET_NAME)";
				SDKROOT = iphoneos;
				SWIFT_VERSION = 5.0;
			};
			name = Debug;
		};
		4CA8549C2CAC053C00E10042 /* Release */ = {
			isa = XCBuildConfiguration;
			buildSettings = {
				CODE_SIGN_STYLE = Automatic;
				CURRENT_PROJECT_VERSION = 1;
				DEVELOPMENT_TEAM = BFJTBBXTZ9;
				INFOPLIST_KEY_CFBundleDisplayName = stoneCracker;
				MARKETING_VERSION = 1.0;
				PRODUCT_BUNDLE_IDENTIFIER = ipleiria.stoneCracker;
				PRODUCT_NAME = "$(TARGET_NAME)";
				SDKROOT = iphoneos;
				SWIFT_VERSION = 5.0;
				VALIDATE_PRODUCT = YES;
			};
			name = Release;
		};
		4CA8549E2CAC053C00E10042 /* Debug */ = {
			isa = XCBuildConfiguration;
			buildSettings = {
				BUNDLE_LOADER = "$(TEST_HOST)";
				CODE_SIGN_STYLE = Automatic;
				CURRENT_PROJECT_VERSION = 1;
				GENERATE_INFOPLIST_FILE = YES;
				MARKETING_VERSION = 1.0;
				PRODUCT_BUNDLE_IDENTIFIER = "ipleiria.stoneCracker-Watch-AppTests";
				PRODUCT_NAME = "$(TARGET_NAME)";
				SDKROOT = watchos;
				SWIFT_EMIT_LOC_STRINGS = NO;
				SWIFT_VERSION = 5.0;
				TARGETED_DEVICE_FAMILY = 4;
				TEST_HOST = "$(BUILT_PRODUCTS_DIR)/stoneCracker Watch App.app/$(BUNDLE_EXECUTABLE_FOLDER_PATH)/stoneCracker Watch App";
				WATCHOS_DEPLOYMENT_TARGET = 11.0;
			};
			name = Debug;
		};
		4CA8549F2CAC053C00E10042 /* Release */ = {
			isa = XCBuildConfiguration;
			buildSettings = {
				BUNDLE_LOADER = "$(TEST_HOST)";
				CODE_SIGN_STYLE = Automatic;
				CURRENT_PROJECT_VERSION = 1;
				GENERATE_INFOPLIST_FILE = YES;
				MARKETING_VERSION = 1.0;
				PRODUCT_BUNDLE_IDENTIFIER = "ipleiria.stoneCracker-Watch-AppTests";
				PRODUCT_NAME = "$(TARGET_NAME)";
				SDKROOT = watchos;
				SWIFT_EMIT_LOC_STRINGS = NO;
				SWIFT_VERSION = 5.0;
				TARGETED_DEVICE_FAMILY = 4;
				TEST_HOST = "$(BUILT_PRODUCTS_DIR)/stoneCracker Watch App.app/$(BUNDLE_EXECUTABLE_FOLDER_PATH)/stoneCracker Watch App";
				VALIDATE_PRODUCT = YES;
				WATCHOS_DEPLOYMENT_TARGET = 11.0;
			};
			name = Release;
		};
		4CA854A12CAC053C00E10042 /* Debug */ = {
			isa = XCBuildConfiguration;
			buildSettings = {
				CODE_SIGN_STYLE = Automatic;
				CURRENT_PROJECT_VERSION = 1;
				GENERATE_INFOPLIST_FILE = YES;
				MARKETING_VERSION = 1.0;
				PRODUCT_BUNDLE_IDENTIFIER = "ipleiria.stoneCracker-Watch-AppUITests";
				PRODUCT_NAME = "$(TARGET_NAME)";
				SDKROOT = watchos;
				SWIFT_EMIT_LOC_STRINGS = NO;
				SWIFT_VERSION = 5.0;
				TARGETED_DEVICE_FAMILY = 4;
				TEST_TARGET_NAME = "stoneCracker Watch App";
				WATCHOS_DEPLOYMENT_TARGET = 11.0;
			};
			name = Debug;
		};
		4CA854A22CAC053C00E10042 /* Release */ = {
			isa = XCBuildConfiguration;
			buildSettings = {
				CODE_SIGN_STYLE = Automatic;
				CURRENT_PROJECT_VERSION = 1;
				GENERATE_INFOPLIST_FILE = YES;
				MARKETING_VERSION = 1.0;
				PRODUCT_BUNDLE_IDENTIFIER = "ipleiria.stoneCracker-Watch-AppUITests";
				PRODUCT_NAME = "$(TARGET_NAME)";
				SDKROOT = watchos;
				SWIFT_EMIT_LOC_STRINGS = NO;
				SWIFT_VERSION = 5.0;
				TARGETED_DEVICE_FAMILY = 4;
				TEST_TARGET_NAME = "stoneCracker Watch App";
				VALIDATE_PRODUCT = YES;
				WATCHOS_DEPLOYMENT_TARGET = 11.0;
			};
			name = Release;
		};
/* End XCBuildConfiguration section */

/* Begin XCConfigurationList section */
		4CA854672CAC053B00E10042 /* Build configuration list for PBXProject "stoneCracker" */ = {
			isa = XCConfigurationList;
			buildConfigurations = (
				4CA854942CAC053C00E10042 /* Debug */,
				4CA854952CAC053C00E10042 /* Release */,
			);
			defaultConfigurationIsVisible = 0;
			defaultConfigurationName = Release;
		};
		4CA854962CAC053C00E10042 /* Build configuration list for PBXNativeTarget "stoneCracker Watch App" */ = {
			isa = XCConfigurationList;
			buildConfigurations = (
				4CA854972CAC053C00E10042 /* Debug */,
				4CA854982CAC053C00E10042 /* Release */,
			);
			defaultConfigurationIsVisible = 0;
			defaultConfigurationName = Release;
		};
		4CA8549A2CAC053C00E10042 /* Build configuration list for PBXNativeTarget "stoneCracker" */ = {
			isa = XCConfigurationList;
			buildConfigurations = (
				4CA8549B2CAC053C00E10042 /* Debug */,
				4CA8549C2CAC053C00E10042 /* Release */,
			);
			defaultConfigurationIsVisible = 0;
			defaultConfigurationName = Release;
		};
		4CA8549D2CAC053C00E10042 /* Build configuration list for PBXNativeTarget "stoneCracker Watch AppTests" */ = {
			isa = XCConfigurationList;
			buildConfigurations = (
				4CA8549E2CAC053C00E10042 /* Debug */,
				4CA8549F2CAC053C00E10042 /* Release */,
			);
			defaultConfigurationIsVisible = 0;
			defaultConfigurationName = Release;
		};
		4CA854A02CAC053C00E10042 /* Build configuration list for PBXNativeTarget "stoneCracker Watch AppUITests" */ = {
			isa = XCConfigurationList;
			buildConfigurations = (
				4CA854A12CAC053C00E10042 /* Debug */,
				4CA854A22CAC053C00E10042 /* Release */,
			);
			defaultConfigurationIsVisible = 0;
			defaultConfigurationName = Release;
		};
/* End XCConfigurationList section */
	};
	rootObject = 4CA854642CAC053B00E10042 /* Project object */;
}
